{
  "version": "4",
  "specifiers": {
    "jsr:@core/unknownutil@*": "4.3.0",
    "jsr:@denops/core@7": "7.0.1",
    "jsr:@denops/std@*": "7.4.0",
    "jsr:@std/async@*": "1.0.10"
  },
  "jsr": {
    "@core/unknownutil@4.3.0": {
      "integrity": "538a3687ffa81028e91d148818047df219663d0da671d906cecd165581ae55cc"
    },
    "@denops/core@7.0.1": {
      "integrity": "ede39eec60de6d5bf0fbc0337d3e420a9689cc48afea8c71752e6c0fb630bde0"
    },
    "@denops/std@7.4.0": {
      "integrity": "6d7ae66af0286a440c14c0ba096b4336697bcd69e83e0fce21a41fb3dec10d65",
      "dependencies": [
        "jsr:@denops/core"
      ]
    },
    "@std/async@1.0.10": {
      "integrity": "2ff1b1c7d33d1416159989b0f69e59ec7ee8cb58510df01e454def2108b3dbec"
    }
  },
  "remote": {
    "https://deno.land/std@0.224.0/assert/assert.ts": "09d30564c09de846855b7b071e62b5974b001bb72a4b797958fe0660e7849834",
    "https://deno.land/std@0.224.0/assert/assertion_error.ts": "ba8752bd27ebc51f723702fac2f54d3e94447598f54264a6653d6413738a8917",
    "https://deno.land/std@0.224.0/async/_util.ts": "3e94e674c974c5c9277f6b3ba2d4e8403c320ba5cebb891f50afa3af4b8e0ac9",
    "https://deno.land/std@0.224.0/async/abortable.ts": "ea6ddb98c1c6f066d5b26c8fd030e2d5afa54571182674aa07929c39dfa8c5b2",
    "https://deno.land/std@0.224.0/async/deadline.ts": "008929d69b1efdd11b1fa55784bb4882add6adf8722868b26e87f68e35efc573",
    "https://deno.land/std@0.224.0/async/debounce.ts": "e7bcccb17b6fe34646ac5d37c2a6d3830ca049e7e3534d2aace4001596f42eff",
    "https://deno.land/std@0.224.0/async/delay.ts": "f90dd685b97c2f142b8069082993e437b1602b8e2561134827eeb7c12b95c499",
    "https://deno.land/std@0.224.0/async/mod.ts": "ae2b6869ad7563f825e037e02c263507da4a55563b4a0bcd9079d2c3eb2670a2",
    "https://deno.land/std@0.224.0/async/mux_async_iterator.ts": "8d960e951c7bf6cb682522c2ebf5bd3e738b27c6a7ac9500ab64d27054930972",
    "https://deno.land/std@0.224.0/async/pool.ts": "2b972e3643444b73f6a8bcdd19799a2d0821b28a45fbe47fd333223eb84327f0",
    "https://deno.land/std@0.224.0/async/retry.ts": "29025b09259c22123c599b8c957aeff2755854272954776dc9a5846c72ea4cfe",
    "https://deno.land/std@0.224.0/async/tee.ts": "34373c58950b7ac5950632dc8c9908076abeefcc9032d6299fff92194c284fbd"
  }
}
